
Microsoft Visual Studio Solution File, Format Version 12.00
# Visual Studio Version 17
VisualStudioVersion = 17.14.36623.8 d17.14
MinimumVisualStudioVersion = 10.0.40219.1
Project("{F184B08F-C81C-45F6-A57F-5ABD9991F28F}") = "Jimson Order & Management System", "Jimson Order & Management System.vbproj", "{93376D8F-1A2D-4617-8F03-1A2FB1B7CFF6}"
EndProject
Global
	GlobalSection(SolutionConfigurationPlatforms) = preSolution
		Debug|Any CPU = Debug|Any CPU
		Release|Any CPU = Release|Any CPU
	EndGlobalSection
	GlobalSection(ProjectConfigurationPlatforms) = postSolution
		{93376D8F-1A2D-4617-8F03-1A2FB1B7CFF6}.Debug|Any CPU.ActiveCfg = Debug|Any CPU
		{93376D8F-1A2D-4617-8F03-1A2FB1B7CFF6}.Debug|Any CPU.Build.0 = Debug|Any CPU
		{93376D8F-1A2D-4617-8F03-1A2FB1B7CFF6}.Release|Any CPU.ActiveCfg = Release|Any CPU
		{93376D8F-1A2D-4617-8F03-1A2FB1B7CFF6}.Release|Any CPU.Build.0 = Release|Any CPU
	EndGlobalSection
	GlobalSection(SolutionProperties) = preSolution
		HideSolutionNode = FALSE
	EndGlobalSection
	GlobalSection(ExtensibilityGlobals) = postSolution
		SolutionGuid = {6AC548B4-DE00-4021-A4EB-58FFB52A4F38}
	EndGlobalSection
EndGlobal
